<?xml version="1.0" encoding="utf-8"?>
<Project ToolsVersion="4.0" xmlns="http://schemas.microsoft.com/developer/msbuild/2003">
  <ItemGroup>
    <Filter Include="pch">
      <UniqueIdentifier>{027dc351-d689-449a-a2fa-008c00e3ba86}</UniqueIdentifier>
    </Filter>
    <Filter Include="src">
      <UniqueIdentifier>{a4e98c08-66b4-415a-b05b-dda12a72004e}</UniqueIdentifier>
    </Filter>
  </ItemGroup>
  <ItemGroup>
    <ClCompile Include="StdAfx.cpp">
      <Filter>pch</Filter>
    </ClCompile>
    <ClCompile Include="360Safe.cpp">
      <Filter>src</Filter>
    </ClCompile>
  </ItemGroup>
  <ItemGroup>
    <ClInclude Include="StdAfx.h">
      <Filter>pch</Filter>
    </ClInclude>
    <ClInclude Include="ControlEx.h">
      <Filter>src</Filter>
    </ClInclude>
  </ItemGroup>
  <ItemGroup>
    <Xml Include="..\bin\skin\360SafeRes\skin.xml">
      <Filter>src</Filter>
    </Xml>
  </ItemGroup>
</Project>